
Microsoft Visual Studio Solution File, Format Version 12.00
# Visual Studio Version 17
VisualStudioVersion = 17.11.35327.3
MinimumVisualStudioVersion = 10.0.40219.1
Project("{FAE04EC0-301F-11D3-BF4B-00C04F79EFBC}") = "4", "4.csproj", "{B63D5690-882A-4980-AC88-46F390A25230}"
EndProject
Global
	GlobalSection(SolutionConfigurationPlatforms) = preSolution
		Debug|Any CPU = Debug|Any CPU
		Release|Any CPU = Release|Any CPU
	EndGlobalSection
	GlobalSection(ProjectConfigurationPlatforms) = postSolution
		{B63D5690-882A-4980-AC88-46F390A25230}.Debug|Any CPU.ActiveCfg = Debug|Any CPU
		{B63D5690-882A-4980-AC88-46F390A25230}.Debug|Any CPU.Build.0 = Debug|Any CPU
		{B63D5690-882A-4980-AC88-46F390A25230}.Release|Any CPU.ActiveCfg = Release|Any CPU
		{B63D5690-882A-4980-AC88-46F390A25230}.Release|Any CPU.Build.0 = Release|Any CPU
	EndGlobalSection
	GlobalSection(SolutionProperties) = preSolution
		HideSolutionNode = FALSE
	EndGlobalSection
	GlobalSection(ExtensibilityGlobals) = postSolution
		SolutionGuid = {D257C726-704C-4394-8562-14C69F49D4A6}
	EndGlobalSection
EndGlobal
