
Microsoft Visual Studio Solution File, Format Version 12.00
# Visual Studio Version 17
VisualStudioVersion = 17.11.35327.3
MinimumVisualStudioVersion = 10.0.40219.1
Project("{FAE04EC0-301F-11D3-BF4B-00C04F79EFBC}") = "11", "11.csproj", "{D6AD0D6E-12DA-4A50-BFED-AD736CE0330B}"
EndProject
Global
	GlobalSection(SolutionConfigurationPlatforms) = preSolution
		Debug|Any CPU = Debug|Any CPU
		Release|Any CPU = Release|Any CPU
	EndGlobalSection
	GlobalSection(ProjectConfigurationPlatforms) = postSolution
		{D6AD0D6E-12DA-4A50-BFED-AD736CE0330B}.Debug|Any CPU.ActiveCfg = Debug|Any CPU
		{D6AD0D6E-12DA-4A50-BFED-AD736CE0330B}.Debug|Any CPU.Build.0 = Debug|Any CPU
		{D6AD0D6E-12DA-4A50-BFED-AD736CE0330B}.Release|Any CPU.ActiveCfg = Release|Any CPU
		{D6AD0D6E-12DA-4A50-BFED-AD736CE0330B}.Release|Any CPU.Build.0 = Release|Any CPU
	EndGlobalSection
	GlobalSection(SolutionProperties) = preSolution
		HideSolutionNode = FALSE
	EndGlobalSection
	GlobalSection(ExtensibilityGlobals) = postSolution
		SolutionGuid = {20B9D1BB-AEE5-418A-BEA0-C57F18678383}
	EndGlobalSection
EndGlobal
