
Microsoft Visual Studio Solution File, Format Version 12.00
# Visual Studio Version 17
VisualStudioVersion = 17.11.35327.3
MinimumVisualStudioVersion = 10.0.40219.1
Project("{FAE04EC0-301F-11D3-BF4B-00C04F79EFBC}") = "10", "10.csproj", "{ACE81223-17B4-4D81-97E4-F835F10B75C6}"
EndProject
Global
	GlobalSection(SolutionConfigurationPlatforms) = preSolution
		Debug|Any CPU = Debug|Any CPU
		Release|Any CPU = Release|Any CPU
	EndGlobalSection
	GlobalSection(ProjectConfigurationPlatforms) = postSolution
		{ACE81223-17B4-4D81-97E4-F835F10B75C6}.Debug|Any CPU.ActiveCfg = Debug|Any CPU
		{ACE81223-17B4-4D81-97E4-F835F10B75C6}.Debug|Any CPU.Build.0 = Debug|Any CPU
		{ACE81223-17B4-4D81-97E4-F835F10B75C6}.Release|Any CPU.ActiveCfg = Release|Any CPU
		{ACE81223-17B4-4D81-97E4-F835F10B75C6}.Release|Any CPU.Build.0 = Release|Any CPU
	EndGlobalSection
	GlobalSection(SolutionProperties) = preSolution
		HideSolutionNode = FALSE
	EndGlobalSection
	GlobalSection(ExtensibilityGlobals) = postSolution
		SolutionGuid = {488EE028-EF0B-4F6A-A194-7256A8C00E2B}
	EndGlobalSection
EndGlobal
