
Microsoft Visual Studio Solution File, Format Version 12.00
# Visual Studio Version 17
VisualStudioVersion = 17.11.35327.3
MinimumVisualStudioVersion = 10.0.40219.1
Project("{FAE04EC0-301F-11D3-BF4B-00C04F79EFBC}") = "14", "14.csproj", "{5C214594-4209-4CFB-A808-0CF7D9B3B59C}"
EndProject
Global
	GlobalSection(SolutionConfigurationPlatforms) = preSolution
		Debug|Any CPU = Debug|Any CPU
		Release|Any CPU = Release|Any CPU
	EndGlobalSection
	GlobalSection(ProjectConfigurationPlatforms) = postSolution
		{5C214594-4209-4CFB-A808-0CF7D9B3B59C}.Debug|Any CPU.ActiveCfg = Debug|Any CPU
		{5C214594-4209-4CFB-A808-0CF7D9B3B59C}.Debug|Any CPU.Build.0 = Debug|Any CPU
		{5C214594-4209-4CFB-A808-0CF7D9B3B59C}.Release|Any CPU.ActiveCfg = Release|Any CPU
		{5C214594-4209-4CFB-A808-0CF7D9B3B59C}.Release|Any CPU.Build.0 = Release|Any CPU
	EndGlobalSection
	GlobalSection(SolutionProperties) = preSolution
		HideSolutionNode = FALSE
	EndGlobalSection
	GlobalSection(ExtensibilityGlobals) = postSolution
		SolutionGuid = {AA49E728-C521-4A28-8509-6C99F1B269A8}
	EndGlobalSection
EndGlobal
